
Microsoft Visual Studio Solution File, Format Version 12.00
# Visual Studio Version 17
VisualStudioVersion = 17.3.32929.385
MinimumVisualStudioVersion = 10.0.40219.1
Project("{FAE04EC0-301F-11D3-BF4B-00C04F79EFBC}") = "WebApplicationCalculator", "WebApplicationCalculator.csproj", "{A038147A-F9C3-40F2-B49D-EA69A2FED292}"
EndProject
Global
	GlobalSection(SolutionConfigurationPlatforms) = preSolution
		Debug|Any CPU = Debug|Any CPU
		Release|Any CPU = Release|Any CPU
	EndGlobalSection
	GlobalSection(ProjectConfigurationPlatforms) = postSolution
		{A038147A-F9C3-40F2-B49D-EA69A2FED292}.Debug|Any CPU.ActiveCfg = Debug|Any CPU
		{A038147A-F9C3-40F2-B49D-EA69A2FED292}.Debug|Any CPU.Build.0 = Debug|Any CPU
		{A038147A-F9C3-40F2-B49D-EA69A2FED292}.Release|Any CPU.ActiveCfg = Release|Any CPU
		{A038147A-F9C3-40F2-B49D-EA69A2FED292}.Release|Any CPU.Build.0 = Release|Any CPU
	EndGlobalSection
	GlobalSection(SolutionProperties) = preSolution
		HideSolutionNode = FALSE
	EndGlobalSection
	GlobalSection(ExtensibilityGlobals) = postSolution
		SolutionGuid = {C49375DB-E71F-4381-A4B5-13CCFED1EC79}
	EndGlobalSection
EndGlobal
