
Microsoft Visual Studio Solution File, Format Version 12.00
# Visual Studio Version 17
VisualStudioVersion = 17.3.32929.385
MinimumVisualStudioVersion = 10.0.40219.1
Project("{FAE04EC0-301F-11D3-BF4B-00C04F79EFBC}") = "WebApplicationCalculatorFramework", "WebApplicationCalculatorFramework.csproj", "{8CAE7F9D-8027-466E-AE53-E83986AA40D8}"
EndProject
Global
	GlobalSection(SolutionConfigurationPlatforms) = preSolution
		Debug|Any CPU = Debug|Any CPU
		Release|Any CPU = Release|Any CPU
	EndGlobalSection
	GlobalSection(ProjectConfigurationPlatforms) = postSolution
		{8CAE7F9D-8027-466E-AE53-E83986AA40D8}.Debug|Any CPU.ActiveCfg = Debug|Any CPU
		{8CAE7F9D-8027-466E-AE53-E83986AA40D8}.Debug|Any CPU.Build.0 = Debug|Any CPU
		{8CAE7F9D-8027-466E-AE53-E83986AA40D8}.Release|Any CPU.ActiveCfg = Release|Any CPU
		{8CAE7F9D-8027-466E-AE53-E83986AA40D8}.Release|Any CPU.Build.0 = Release|Any CPU
	EndGlobalSection
	GlobalSection(SolutionProperties) = preSolution
		HideSolutionNode = FALSE
	EndGlobalSection
	GlobalSection(ExtensibilityGlobals) = postSolution
		SolutionGuid = {4569EFEE-15B5-4E90-A4B3-55D23D1AB723}
	EndGlobalSection
EndGlobal
