
Microsoft Visual Studio Solution File, Format Version 12.00
# Visual Studio Version 17
VisualStudioVersion = 17.3.32929.385
MinimumVisualStudioVersion = 10.0.40219.1
Project("{FAE04EC0-301F-11D3-BF4B-00C04F79EFBC}") = "ConsoleFrameworkCalculator", "ConsoleFrameworkCalculator.csproj", "{4D930C35-A3C0-4DAF-8866-0532834755D5}"
EndProject
Global
	GlobalSection(SolutionConfigurationPlatforms) = preSolution
		Debug|Any CPU = Debug|Any CPU
		Release|Any CPU = Release|Any CPU
	EndGlobalSection
	GlobalSection(ProjectConfigurationPlatforms) = postSolution
		{4D930C35-A3C0-4DAF-8866-0532834755D5}.Debug|Any CPU.ActiveCfg = Debug|Any CPU
		{4D930C35-A3C0-4DAF-8866-0532834755D5}.Debug|Any CPU.Build.0 = Debug|Any CPU
		{4D930C35-A3C0-4DAF-8866-0532834755D5}.Release|Any CPU.ActiveCfg = Release|Any CPU
		{4D930C35-A3C0-4DAF-8866-0532834755D5}.Release|Any CPU.Build.0 = Release|Any CPU
	EndGlobalSection
	GlobalSection(SolutionProperties) = preSolution
		HideSolutionNode = FALSE
	EndGlobalSection
	GlobalSection(ExtensibilityGlobals) = postSolution
		SolutionGuid = {68B7875F-0DC9-42EF-89DC-5F0B4EC0A06B}
	EndGlobalSection
EndGlobal
