
Microsoft Visual Studio Solution File, Format Version 12.00
# Visual Studio Version 17
VisualStudioVersion = 17.3.32929.385
MinimumVisualStudioVersion = 10.0.40219.1
Project("{FAE04EC0-301F-11D3-BF4B-00C04F79EFBC}") = "CalculatorStandardLibrary", "CalculatorStandardLibrary.csproj", "{C14D57C8-5401-4F7C-8C49-F226467B3A6B}"
EndProject
Project("{FAE04EC0-301F-11D3-BF4B-00C04F79EFBC}") = "CalculatorMinimulAPI", "..\CalculatorMinimulAPI\CalculatorMinimulAPI.csproj", "{B4316E2B-0DB2-42F0-855E-73D69246D754}"
EndProject
Global
	GlobalSection(SolutionConfigurationPlatforms) = preSolution
		Debug|Any CPU = Debug|Any CPU
		Release|Any CPU = Release|Any CPU
	EndGlobalSection
	GlobalSection(ProjectConfigurationPlatforms) = postSolution
		{C14D57C8-5401-4F7C-8C49-F226467B3A6B}.Debug|Any CPU.ActiveCfg = Debug|Any CPU
		{C14D57C8-5401-4F7C-8C49-F226467B3A6B}.Debug|Any CPU.Build.0 = Debug|Any CPU
		{C14D57C8-5401-4F7C-8C49-F226467B3A6B}.Release|Any CPU.ActiveCfg = Release|Any CPU
		{C14D57C8-5401-4F7C-8C49-F226467B3A6B}.Release|Any CPU.Build.0 = Release|Any CPU
		{B4316E2B-0DB2-42F0-855E-73D69246D754}.Debug|Any CPU.ActiveCfg = Debug|Any CPU
		{B4316E2B-0DB2-42F0-855E-73D69246D754}.Debug|Any CPU.Build.0 = Debug|Any CPU
		{B4316E2B-0DB2-42F0-855E-73D69246D754}.Release|Any CPU.ActiveCfg = Release|Any CPU
		{B4316E2B-0DB2-42F0-855E-73D69246D754}.Release|Any CPU.Build.0 = Release|Any CPU
	EndGlobalSection
	GlobalSection(SolutionProperties) = preSolution
		HideSolutionNode = FALSE
	EndGlobalSection
	GlobalSection(ExtensibilityGlobals) = postSolution
		SolutionGuid = {E68449CC-9A9D-4FCE-B8E5-3D92C9534023}
	EndGlobalSection
EndGlobal
